
Microsoft Visual Studio Solution File, Format Version 12.00
# Visual Studio 15
VisualStudioVersion = 15.0.27130.2010
MinimumVisualStudioVersion = 10.0.40219.1
Project("{FAE04EC0-301F-11D3-BF4B-00C04F79EFBC}") = "Lista", "Lista\Lista.csproj", "{249232E2-C613-4793-BFBC-C532A89E8C58}"
EndProject
Global
	GlobalSection(SolutionConfigurationPlatforms) = preSolution
		Debug|Any CPU = Debug|Any CPU
		Release|Any CPU = Release|Any CPU
	EndGlobalSection
	GlobalSection(ProjectConfigurationPlatforms) = postSolution
		{249232E2-C613-4793-BFBC-C532A89E8C58}.Debug|Any CPU.ActiveCfg = Debug|Any CPU
		{249232E2-C613-4793-BFBC-C532A89E8C58}.Debug|Any CPU.Build.0 = Debug|Any CPU
		{249232E2-C613-4793-BFBC-C532A89E8C58}.Release|Any CPU.ActiveCfg = Release|Any CPU
		{249232E2-C613-4793-BFBC-C532A89E8C58}.Release|Any CPU.Build.0 = Release|Any CPU
	EndGlobalSection
	GlobalSection(SolutionProperties) = preSolution
		HideSolutionNode = FALSE
	EndGlobalSection
	GlobalSection(ExtensibilityGlobals) = postSolution
		SolutionGuid = {87919F58-B15C-4D2E-8409-1B018A6F7228}
	EndGlobalSection
EndGlobal
