
Microsoft Visual Studio Solution File, Format Version 12.00
# Visual Studio 15
VisualStudioVersion = 15.0.27130.2010
MinimumVisualStudioVersion = 10.0.40219.1
Project("{FAE04EC0-301F-11D3-BF4B-00C04F79EFBC}") = "LeitorNnumeros", "LeitorNnumeros\LeitorNnumeros.csproj", "{D08480D1-2B3A-4E4A-87A0-0661B3D4B2F1}"
EndProject
Global
	GlobalSection(SolutionConfigurationPlatforms) = preSolution
		Debug|Any CPU = Debug|Any CPU
		Release|Any CPU = Release|Any CPU
	EndGlobalSection
	GlobalSection(ProjectConfigurationPlatforms) = postSolution
		{D08480D1-2B3A-4E4A-87A0-0661B3D4B2F1}.Debug|Any CPU.ActiveCfg = Debug|Any CPU
		{D08480D1-2B3A-4E4A-87A0-0661B3D4B2F1}.Debug|Any CPU.Build.0 = Debug|Any CPU
		{D08480D1-2B3A-4E4A-87A0-0661B3D4B2F1}.Release|Any CPU.ActiveCfg = Release|Any CPU
		{D08480D1-2B3A-4E4A-87A0-0661B3D4B2F1}.Release|Any CPU.Build.0 = Release|Any CPU
	EndGlobalSection
	GlobalSection(SolutionProperties) = preSolution
		HideSolutionNode = FALSE
	EndGlobalSection
	GlobalSection(ExtensibilityGlobals) = postSolution
		SolutionGuid = {78316C97-ADC5-408C-8219-F128D371F258}
	EndGlobalSection
EndGlobal
