
Microsoft Visual Studio Solution File, Format Version 12.00
# Visual Studio 15
VisualStudioVersion = 15.0.27130.2010
MinimumVisualStudioVersion = 10.0.40219.1
Project("{FAE04EC0-301F-11D3-BF4B-00C04F79EFBC}") = "Matriz", "Matriz\Matriz.csproj", "{9BDFB5A0-10DD-40C8-B88B-034C86D05CC2}"
EndProject
Global
	GlobalSection(SolutionConfigurationPlatforms) = preSolution
		Debug|Any CPU = Debug|Any CPU
		Release|Any CPU = Release|Any CPU
	EndGlobalSection
	GlobalSection(ProjectConfigurationPlatforms) = postSolution
		{9BDFB5A0-10DD-40C8-B88B-034C86D05CC2}.Debug|Any CPU.ActiveCfg = Debug|Any CPU
		{9BDFB5A0-10DD-40C8-B88B-034C86D05CC2}.Debug|Any CPU.Build.0 = Debug|Any CPU
		{9BDFB5A0-10DD-40C8-B88B-034C86D05CC2}.Release|Any CPU.ActiveCfg = Release|Any CPU
		{9BDFB5A0-10DD-40C8-B88B-034C86D05CC2}.Release|Any CPU.Build.0 = Release|Any CPU
	EndGlobalSection
	GlobalSection(SolutionProperties) = preSolution
		HideSolutionNode = FALSE
	EndGlobalSection
	GlobalSection(ExtensibilityGlobals) = postSolution
		SolutionGuid = {95BE924A-750F-4B32-957F-A60F737DD645}
	EndGlobalSection
EndGlobal
