
Microsoft Visual Studio Solution File, Format Version 12.00
# Visual Studio 15
VisualStudioVersion = 15.0.27130.2010
MinimumVisualStudioVersion = 10.0.40219.1
Project("{FAE04EC0-301F-11D3-BF4B-00C04F79EFBC}") = "ProgProdutoVetClasse", "ProgProdutoVetClasse\ProgProdutoVetClasse.csproj", "{49894FA1-BBCE-4855-93BF-3DFE8CE99021}"
EndProject
Global
	GlobalSection(SolutionConfigurationPlatforms) = preSolution
		Debug|Any CPU = Debug|Any CPU
		Release|Any CPU = Release|Any CPU
	EndGlobalSection
	GlobalSection(ProjectConfigurationPlatforms) = postSolution
		{49894FA1-BBCE-4855-93BF-3DFE8CE99021}.Debug|Any CPU.ActiveCfg = Debug|Any CPU
		{49894FA1-BBCE-4855-93BF-3DFE8CE99021}.Debug|Any CPU.Build.0 = Debug|Any CPU
		{49894FA1-BBCE-4855-93BF-3DFE8CE99021}.Release|Any CPU.ActiveCfg = Release|Any CPU
		{49894FA1-BBCE-4855-93BF-3DFE8CE99021}.Release|Any CPU.Build.0 = Release|Any CPU
	EndGlobalSection
	GlobalSection(SolutionProperties) = preSolution
		HideSolutionNode = FALSE
	EndGlobalSection
	GlobalSection(ExtensibilityGlobals) = postSolution
		SolutionGuid = {BD4DA16A-C2FC-41B2-BA14-F18D93D47375}
	EndGlobalSection
EndGlobal
