
Microsoft Visual Studio Solution File, Format Version 12.00
# Visual Studio 15
VisualStudioVersion = 15.0.27130.2010
MinimumVisualStudioVersion = 10.0.40219.1
Project("{FAE04EC0-301F-11D3-BF4B-00C04F79EFBC}") = "Associacao", "Associacao\Associacao.csproj", "{4E1F33FB-A1F5-420E-AC02-5BDEC4E50C28}"
EndProject
Global
	GlobalSection(SolutionConfigurationPlatforms) = preSolution
		Debug|Any CPU = Debug|Any CPU
		Release|Any CPU = Release|Any CPU
	EndGlobalSection
	GlobalSection(ProjectConfigurationPlatforms) = postSolution
		{4E1F33FB-A1F5-420E-AC02-5BDEC4E50C28}.Debug|Any CPU.ActiveCfg = Debug|Any CPU
		{4E1F33FB-A1F5-420E-AC02-5BDEC4E50C28}.Debug|Any CPU.Build.0 = Debug|Any CPU
		{4E1F33FB-A1F5-420E-AC02-5BDEC4E50C28}.Release|Any CPU.ActiveCfg = Release|Any CPU
		{4E1F33FB-A1F5-420E-AC02-5BDEC4E50C28}.Release|Any CPU.Build.0 = Release|Any CPU
	EndGlobalSection
	GlobalSection(SolutionProperties) = preSolution
		HideSolutionNode = FALSE
	EndGlobalSection
	GlobalSection(ExtensibilityGlobals) = postSolution
		SolutionGuid = {D4DE8BE8-700A-4BCB-9444-0AD46E776E41}
	EndGlobalSection
EndGlobal
