
Microsoft Visual Studio Solution File, Format Version 12.00
# Visual Studio 15
VisualStudioVersion = 15.0.27130.2010
MinimumVisualStudioVersion = 10.0.40219.1
Project("{FAE04EC0-301F-11D3-BF4B-00C04F79EFBC}") = "LerNumerosInfinity", "LerNumerosInfinity\LerNumerosInfinity.csproj", "{032DD0B1-61C7-4CCF-B8C4-B7FD3BFDF5A9}"
EndProject
Global
	GlobalSection(SolutionConfigurationPlatforms) = preSolution
		Debug|Any CPU = Debug|Any CPU
		Release|Any CPU = Release|Any CPU
	EndGlobalSection
	GlobalSection(ProjectConfigurationPlatforms) = postSolution
		{032DD0B1-61C7-4CCF-B8C4-B7FD3BFDF5A9}.Debug|Any CPU.ActiveCfg = Debug|Any CPU
		{032DD0B1-61C7-4CCF-B8C4-B7FD3BFDF5A9}.Debug|Any CPU.Build.0 = Debug|Any CPU
		{032DD0B1-61C7-4CCF-B8C4-B7FD3BFDF5A9}.Release|Any CPU.ActiveCfg = Release|Any CPU
		{032DD0B1-61C7-4CCF-B8C4-B7FD3BFDF5A9}.Release|Any CPU.Build.0 = Release|Any CPU
	EndGlobalSection
	GlobalSection(SolutionProperties) = preSolution
		HideSolutionNode = FALSE
	EndGlobalSection
	GlobalSection(ExtensibilityGlobals) = postSolution
		SolutionGuid = {F7F98F8C-9E86-4E53-8B40-C9E648553B81}
	EndGlobalSection
EndGlobal
